# This file is autogenerated, do not edit; changes may be undone by the next 'dep ensure'.


[[projects]]
  name = "github.com/PuerkitoBio/goquery"
  packages = ["."]
  revision = "e1271ee34c6a305e38566ecd27ae374944907ee9"
  version = "v1.1.0"

[[projects]]
  branch = "master"
  name = "github.com/andybalholm/cascadia"
  packages = ["."]
  revision = "349dd0209470eabd9514242c688c403c0926d266"

[[projects]]
  name = "github.com/gorilla/context"
  packages = ["."]
  revision = "1ea25387ff6f684839d82767c1733ff4d4d15d0a"
  version = "v1.1"

[[projects]]
  name = "github.com/gorilla/mux"
  packages = ["."]
  revision = "7f08801859139f86dfafd1c296e2cba9a80d292e"
  version = "v1.6.0"

[[projects]]
  branch = "master"
  name = "github.com/lib/pq"
  packages = [".","oid"]
  revision = "8c6ee72f3e6bcb1542298dd5f76cb74af9742cec"

[[projects]]
  name = "github.com/tdewolff/minify"
  packages = [".","css","js"]
  revision = "90df1aae5028a7cbb441bde86e86a55df6b5aa34"
  version = "v2.3.3"

[[projects]]
  name = "github.com/tdewolff/parse"
  packages = [".","buffer","css","js","strconv"]
  revision = "bace4cf682c41e03b154044b561575ff541b83e8"
  version = "v2.3.1"

[[projects]]
  branch = "master"
  name = "github.com/tomasen/realip"
  packages = ["."]
  revision = "15489afd3be348430f5f67467d2bb6b2f9b757ed"

[[projects]]
  branch = "master"
  name = "golang.org/x/crypto"
  packages = ["bcrypt","blowfish","ssh/terminal"]
  revision = "9f005a07e0d31d45e6656d241bb5c0f2efd4bc94"

[[projects]]
  branch = "master"
  name = "golang.org/x/net"
  packages = ["html","html/atom","html/charset"]
  revision = "9dfe39835686865bff950a07b394c12a98ddc811"

[[projects]]
  branch = "master"
  name = "golang.org/x/sys"
  packages = ["unix","windows"]
  revision = "0dd5e194bbf5eb84a39666eb4c98a4d007e4203a"

[[projects]]
  branch = "master"
  name = "golang.org/x/text"
  packages = ["encoding","encoding/charmap","encoding/htmlindex","encoding/internal","encoding/internal/identifier","encoding/japanese","encoding/korean","encoding/simplifiedchinese","encoding/traditionalchinese","encoding/unicode","internal/gen","internal/tag","internal/utf8internal","language","runes","transform","unicode/cldr"]
  revision = "88f656faf3f37f690df1a32515b479415e1a6769"

[solve-meta]
  analyzer-name = "dep"
  analyzer-version = 1
  inputs-digest = "27a0ca12f5a709bb76b9c90f6720b6824ac8fc81b2fc66f059f212366443ff5d"
  solver-name = "gps-cdcl"
  solver-version = 1
